// !$*UTF8*$!
{
	archiveVersion = 1;
	classes = {
	};
	objectVersion = 46;
	objects = {

/* Begin PBXBuildFile section */
		9B84005B1D1AF2230050ADFA /* main.swift in Sources */ = {isa = PBXBuildFile; fileRef = 9B84005A1D1AF2230050ADFA /* main.swift */; };
		9B8400621D1AF91C0050ADFA /* Town.swift in Sources */ = {isa = PBXBuildFile; fileRef = 9B8400611D1AF91B0050ADFA /* Town.swift */; settings = {ASSET_TAGS = (); }; };
		9B8400641D1AFBB10050ADFA /* Monster.swift in Sources */ = {isa = PBXBuildFile; fileRef = 9B8400631D1AFBB00050ADFA /* Monster.swift */; settings = {ASSET_TAGS = (); }; };
		9B8400661D1AFC840050ADFA /* Zombie.swift in Sources */ = {isa = PBXBuildFile; fileRef = 9B8400651D1AFC840050ADFA /* Zombie.swift */; settings = {ASSET_TAGS = (); }; };
		9B84006A1D1B038B0050ADFA /* Vampire.swift in Sources */ = {isa = PBXBuildFile; fileRef = 9B8400691D1B038B0050ADFA /* Vampire.swift */; settings = {ASSET_TAGS = (); }; };
/* End PBXBuildFile section */

/* Begin PBXCopyFilesBuildPhase section */
		9B8400551D1AF2220050ADFA /* CopyFiles */ = {
			isa = PBXCopyFilesBuildPhase;
			buildActionMask = 2147483647;
			dstPath = /usr/share/man/man1/;
			dstSubfolderSpec = 0;
			files = (
			);
			runOnlyForDeploymentPostprocessing = 1;
		};
/* End PBXCopyFilesBuildPhase section */

/* Begin PBXFileReference section */
		9B8400571D1AF2230050ADFA /* MonsterTown */ = {isa = PBXFileReference; explicitFileType = "compiled.mach-o.executable"; includeInIndex = 0; path = MonsterTown; sourceTree = BUILT_PRODUCTS_DIR; };
		9B84005A1D1AF2230050ADFA /* main.swift */ = {isa = PBXFileReference; lastKnownFileType = sourcecode.swift; path = main.swift; sourceTree = "<group>"; };
		9B8400611D1AF91B0050ADFA /* Town.swift */ = {isa = PBXFileReference; fileEncoding = 4; lastKnownFileType = sourcecode.swift; path = Town.swift; sourceTree = "<group>"; };
		9B8400631D1AFBB00050ADFA /* Monster.swift */ = {isa = PBXFileReference; fileEncoding = 4; lastKnownFileType = sourcecode.swift; path = Monster.swift; sourceTree = "<group>"; };
		9B8400651D1AFC840050ADFA /* Zombie.swift */ = {isa = PBXFileReference; fileEncoding = 4; lastKnownFileType = sourcecode.swift; path = Zombie.swift; sourceTree = "<group>"; };
		9B8400691D1B038B0050ADFA /* Vampire.swift */ = {isa = PBXFileReference; fileEncoding = 4; lastKnownFileType = sourcecode.swift; path = Vampire.swift; sourceTree = "<group>"; };
/* End PBXFileReference section */

/* Begin PBXFrameworksBuildPhase section */
		9B8400541D1AF2220050ADFA /* Frameworks */ = {
			isa = PBXFrameworksBuildPhase;
			buildActionMask = 2147483647;
			files = (
			);
			runOnlyForDeploymentPostprocessing = 0;
		};
/* End PBXFrameworksBuildPhase section */

/* Begin PBXGroup section */
		9B84004E1D1AF2220050ADFA = {
			isa = PBXGroup;
			children = (
				9B8400591D1AF2230050ADFA /* MonsterTown */,
				9B8400581D1AF2230050ADFA /* Products */,
			);
			sourceTree = "<group>";
		};
		9B8400581D1AF2230050ADFA /* Products */ = {
			isa = PBXGroup;
			children = (
				9B8400571D1AF2230050ADFA /* MonsterTown */,
			);
			name = Products;
			sourceTree = "<group>";
		};
		9B8400591D1AF2230050ADFA /* MonsterTown */ = {
			isa = PBXGroup;
			children = (
				9B84005A1D1AF2230050ADFA /* main.swift */,
				9B8400651D1AFC840050ADFA /* Zombie.swift */,
				9B8400631D1AFBB00050ADFA /* Monster.swift */,
				9B8400611D1AF91B0050ADFA /* Town.swift */,
				9B8400691D1B038B0050ADFA /* Vampire.swift */,
			);
			path = MonsterTown;
			sourceTree = "<group>";
		};
/* End PBXGroup section */

/* Begin PBXNativeTarget section */
		9B8400561D1AF2220050ADFA /* MonsterTown */ = {
			isa = PBXNativeTarget;
			buildConfigurationList = 9B84005E1D1AF2230050ADFA /* Build configuration list for PBXNativeTarget "MonsterTown" */;
			buildPhases = (
				9B8400531D1AF2220050ADFA /* Sources */,
				9B8400541D1AF2220050ADFA /* Frameworks */,
				9B8400551D1AF2220050ADFA /* CopyFiles */,
			);
			buildRules = (
			);
			dependencies = (
			);
			name = MonsterTown;
			productName = MonsterTown;
			productReference = 9B8400571D1AF2230050ADFA /* MonsterTown */;
			productType = "com.apple.product-type.tool";
		};
/* End PBXNativeTarget section */

/* Begin PBXProject section */
		9B84004F1D1AF2220050ADFA /* Project object */ = {
			isa = PBXProject;
			attributes = {
				LastUpgradeCheck = 0700;
				ORGANIZATIONNAME = "Michael Bharrat";
				TargetAttributes = {
					9B8400561D1AF2220050ADFA = {
						CreatedOnToolsVersion = 7.0;
					};
				};
			};
			buildConfigurationList = 9B8400521D1AF2220050ADFA /* Build configuration list for PBXProject "MonsterTown" */;
			compatibilityVersion = "Xcode 3.2";
			developmentRegion = English;
			hasScannedForEncodings = 0;
			knownRegions = (
				en,
			);
			mainGroup = 9B84004E1D1AF2220050ADFA;
			productRefGroup = 9B8400581D1AF2230050ADFA /* Products */;
			projectDirPath = "";
			projectRoot = "";
			targets = (
				9B8400561D1AF2220050ADFA /* MonsterTown */,
			);
		};
/* End PBXProject section */

/* Begin PBXSourcesBuildPhase section */
		9B8400531D1AF2220050ADFA /* Sources */ = {
			isa = PBXSourcesBuildPhase;
			buildActionMask = 2147483647;
			files = (
				9B84005B1D1AF2230050ADFA /* main.swift in Sources */,
				9B8400661D1AFC840050ADFA /* Zombie.swift in Sources */,
				9B8400641D1AFBB10050ADFA /* Monster.swift in Sources */,
				9B84006A1D1B038B0050ADFA /* Vampire.swift in Sources */,
				9B8400621D1AF91C0050ADFA /* Town.swift in Sources */,
			);
			runOnlyForDeploymentPostprocessing = 0;
		};
/* End PBXSourcesBuildPhase section */

/* Begin XCBuildConfiguration section */
		9B84005C1D1AF2230050ADFA /* Debug */ = {
			isa = XCBuildConfiguration;
			buildSettings = {
				ALWAYS_SEARCH_USER_PATHS = NO;
				CLANG_CXX_LANGUAGE_STANDARD = "gnu++0x";
				CLANG_CXX_LIBRARY = "libc++";
				CLANG_ENABLE_MODULES = YES;
				CLANG_ENABLE_OBJC_ARC = YES;
				CLANG_WARN_BOOL_CONVERSION = YES;
				CLANG_WARN_CONSTANT_CONVERSION = YES;
				CLANG_WARN_DIRECT_OBJC_ISA_USAGE = YES_ERROR;
				CLANG_WARN_EMPTY_BODY = YES;
				CLANG_WARN_ENUM_CONVERSION = YES;
				CLANG_WARN_INT_CONVERSION = YES;
				CLANG_WARN_OBJC_ROOT_CLASS = YES_ERROR;
				CLANG_WARN_UNREACHABLE_CODE = YES;
				CLANG_WARN__DUPLICATE_METHOD_MATCH = YES;
				COPY_PHASE_STRIP = NO;
				DEBUG_INFORMATION_FORMAT = dwarf;
				ENABLE_STRICT_OBJC_MSGSEND = YES;
				ENABLE_TESTABILITY = YES;
				GCC_C_LANGUAGE_STANDARD = gnu99;
				GCC_DYNAMIC_NO_PIC = NO;
				GCC_NO_COMMON_BLOCKS = YES;
				GCC_OPTIMIZATION_LEVEL = 0;
				GCC_PREPROCESSOR_DEFINITIONS = (
					"DEBUG=1",
					"$(inherited)",
				);
				GCC_WARN_64_TO_32_BIT_CONVERSION = YES;
				GCC_WARN_ABOUT_RETURN_TYPE = YES_ERROR;
				GCC_WARN_UNDECLARED_SELECTOR = YES;
				GCC_WARN_UNINITIALIZED_AUTOS = YES_AGGRESSIVE;
				GCC_WARN_UNUSED_FUNCTION = YES;
				GCC_WARN_UNUSED_VARIABLE = YES;
				MACOSX_DEPLOYMENT_TARGET = 10.10;
				MTL_ENABLE_DEBUG_INFO = YES;
				ONLY_ACTIVE_ARCH = YES;
				SDKROOT = macosx;
				SWIFT_OPTIMIZATION_LEVEL = "-Onone";
			};
			name = Debug;
		};
		9B84005D1D1AF2230050ADFA /* Release */ = {
			isa = XCBuildConfiguration;
			buildSettings = {
				ALWAYS_SEARCH_USER_PATHS = NO;
				CLANG_CXX_LANGUAGE_STANDARD = "gnu++0x";
				CLANG_CXX_LIBRARY = "libc++";
				CLANG_ENABLE_MODULES = YES;
				CLANG_ENABLE_OBJC_ARC = YES;
				CLANG_WARN_BOOL_CONVERSION = YES;
				CLANG_WARN_CONSTANT_CONVERSION = YES;
				CLANG_WARN_DIRECT_OBJC_ISA_USAGE = YES_ERROR;
				CLANG_WARN_EMPTY_BODY = YES;
				CLANG_WARN_ENUM_CONVERSION = YES;
				CLANG_WARN_INT_CONVERSION = YES;
				CLANG_WARN_OBJC_ROOT_CLASS = YES_ERROR;
				CLANG_WARN_UNREACHABLE_CODE = YES;
				CLANG_WARN__DUPLICATE_METHOD_MATCH = YES;
				COPY_PHASE_STRIP = NO;
				DEBUG_INFORMATION_FORMAT = "dwarf-with-dsym";
				ENABLE_NS_ASSERTIONS = NO;
				ENABLE_STRICT_OBJC_MSGSEND = YES;
				GCC_C_LANGUAGE_STANDARD = gnu99;
				GCC_NO_COMMON_BLOCKS = YES;
				GCC_WARN_64_TO_32_BIT_CONVERSION = YES;
				GCC_WARN_ABOUT_RETURN_TYPE = YES_ERROR;
				GCC_WARN_UNDECLARED_SELECTOR = YES;
				GCC_WARN_UNINITIALIZED_AUTOS = YES_AGGRESSIVE;
				GCC_WARN_UNUSED_FUNCTION = YES;
				GCC_WARN_UNUSED_VARIABLE = YES;
				MACOSX_DEPLOYMENT_TARGET = 10.10;
				MTL_ENABLE_DEBUG_INFO = NO;
				SDKROOT = macosx;
			};
			name = Release;
		};
		9B84005F1D1AF2230050ADFA /* Debug */ = {
			isa = XCBuildConfiguration;
			buildSettings = {
				PRODUCT_NAME = "$(TARGET_NAME)";
			};
			name = Debug;
		};
		9B8400601D1AF2230050ADFA /* Release */ = {
			isa = XCBuildConfiguration;
			buildSettings = {
				PRODUCT_NAME = "$(TARGET_NAME)";
			};
			name = Release;
		};
/* End XCBuildConfiguration section */

/* Begin XCConfigurationList section */
		9B8400521D1AF2220050ADFA /* Build configuration list for PBXProject "MonsterTown" */ = {
			isa = XCConfigurationList;
			buildConfigurations = (
				9B84005C1D1AF2230050ADFA /* Debug */,
				9B84005D1D1AF2230050ADFA /* Release */,
			);
			defaultConfigurationIsVisible = 0;
			defaultConfigurationName = Release;
		};
		9B84005E1D1AF2230050ADFA /* Build configuration list for PBXNativeTarget "MonsterTown" */ = {
			isa = XCConfigurationList;
			buildConfigurations = (
				9B84005F1D1AF2230050ADFA /* Debug */,
				9B8400601D1AF2230050ADFA /* Release */,
			);
			defaultConfigurationIsVisible = 0;
		};
/* End XCConfigurationList section */
	};
	rootObject = 9B84004F1D1AF2220050ADFA /* Project object */;
}
